
Microsoft Visual Studio Solution File, Format Version 11.00
# Visual Studio 2010
Project("{F14B399A-7131-4C87-9E4B-1186C45EF12D}") = "Report Project1", "Report Project1\Report Project1.rptproj", "{E87AFD8E-8A82-49BC-A1CD-77CF343A4A6C}"
EndProject
Global
	GlobalSection(SolutionConfigurationPlatforms) = preSolution
		Debug|Default = Debug|Default
		DebugLocal|Default = DebugLocal|Default
		Release|Default = Release|Default
	EndGlobalSection
	GlobalSection(ProjectConfigurationPlatforms) = postSolution
		{E87AFD8E-8A82-49BC-A1CD-77CF343A4A6C}.Debug|Default.ActiveCfg = Debug
		{E87AFD8E-8A82-49BC-A1CD-77CF343A4A6C}.Debug|Default.Build.0 = DebugLocal
		{E87AFD8E-8A82-49BC-A1CD-77CF343A4A6C}.Debug|Default.Deploy.0 = DebugLocal
		{E87AFD8E-8A82-49BC-A1CD-77CF343A4A6C}.DebugLocal|Default.ActiveCfg = DebugLocal
		{E87AFD8E-8A82-49BC-A1CD-77CF343A4A6C}.DebugLocal|Default.Build.0 = DebugLocal
		{E87AFD8E-8A82-49BC-A1CD-77CF343A4A6C}.Release|Default.ActiveCfg = Release
		{E87AFD8E-8A82-49BC-A1CD-77CF343A4A6C}.Release|Default.Build.0 = Release
		{E87AFD8E-8A82-49BC-A1CD-77CF343A4A6C}.Release|Default.Deploy.0 = Release
	EndGlobalSection
	GlobalSection(SolutionProperties) = preSolution
		HideSolutionNode = FALSE
	EndGlobalSection
EndGlobal
